// !$*UTF8*$!
{
	archiveVersion = 1;
	classes = {
	};
	objectVersion = 56;
	objects = {

/* Begin PBXBuildFile section */
		17723B9C2A60F21300D2B6CD /* MemberSelectorPageController.swift in Sources */ = {isa = PBXBuildFile; fileRef = 17723B9B2A60F21300D2B6CD /* MemberSelectorPageController.swift */; };
		17723B9E2A6109F000D2B6CD /* MemberSelectorPageViewModel.swift in Sources */ = {isa = PBXBuildFile; fileRef = 17723B9D2A6109F000D2B6CD /* MemberSelectorPageViewModel.swift */; };
		17723BA02A61722600D2B6CD /* membersData.json in Resources */ = {isa = PBXBuildFile; fileRef = 17723B9F2A61722600D2B6CD /* membersData.json */; };
		17723BA22A63998800D2B6CD /* SpendsPageController.swift in Sources */ = {isa = PBXBuildFile; fileRef = 17723BA12A63998800D2B6CD /* SpendsPageController.swift */; };
		17723BA72A63ABB100D2B6CD /* SpendCell.swift in Sources */ = {isa = PBXBuildFile; fileRef = 17723BA62A63ABB100D2B6CD /* SpendCell.swift */; };
		17723BA92A63AEE400D2B6CD /* SpendsPageViewModel.swift in Sources */ = {isa = PBXBuildFile; fileRef = 17723BA82A63AEE400D2B6CD /* SpendsPageViewModel.swift */; };
		17723BAB2A63EA2300D2B6CD /* SpendEditorController.swift in Sources */ = {isa = PBXBuildFile; fileRef = 17723BAA2A63EA2300D2B6CD /* SpendEditorController.swift */; };
		17723BAD2A63EA4400D2B6CD /* SpendEditorViewModel.swift in Sources */ = {isa = PBXBuildFile; fileRef = 17723BAC2A63EA4400D2B6CD /* SpendEditorViewModel.swift */; };
		17723BAF2A64E5FD00D2B6CD /* Input.swift in Sources */ = {isa = PBXBuildFile; fileRef = 17723BAE2A64E5FD00D2B6CD /* Input.swift */; };
		17723BB12A64F35700D2B6CD /* SplitCell.swift in Sources */ = {isa = PBXBuildFile; fileRef = 17723BB02A64F35700D2B6CD /* SplitCell.swift */; };
		17723BB32A64F72700D2B6CD /* SplitModel.swift in Sources */ = {isa = PBXBuildFile; fileRef = 17723BB22A64F72700D2B6CD /* SplitModel.swift */; };
		1784B70C2A5AF1DA00E744D0 /* MemberTableController.swift in Sources */ = {isa = PBXBuildFile; fileRef = 1784B70B2A5AF1DA00E744D0 /* MemberTableController.swift */; };
		1784B70E2A5AF33100E744D0 /* MemberCell.swift in Sources */ = {isa = PBXBuildFile; fileRef = 1784B70D2A5AF33100E744D0 /* MemberCell.swift */; };
		179B91122A5959A90089C810 /* MemberEditorPageController.swift in Sources */ = {isa = PBXBuildFile; fileRef = 179B91112A5959A90089C810 /* MemberEditorPageController.swift */; };
		1B2A11312A57E4A10016A4FC /* SecondViewController.swift in Sources */ = {isa = PBXBuildFile; fileRef = 1B2A11302A57E4A10016A4FC /* SecondViewController.swift */; };
		1B2A11362A57EB320016A4FC /* ActivitiesPageController.swift in Sources */ = {isa = PBXBuildFile; fileRef = 1B2A11352A57EB320016A4FC /* ActivitiesPageController.swift */; };
		1B2A11392A57ED660016A4FC /* activitiesData.json in Resources */ = {isa = PBXBuildFile; fileRef = 1B2A11382A57ED660016A4FC /* activitiesData.json */; };
		1B2A113C2A5800990016A4FC /* ActivitiesCell.swift in Sources */ = {isa = PBXBuildFile; fileRef = 1B2A113B2A5800990016A4FC /* ActivitiesCell.swift */; };
		1B2A113E2A5806FF0016A4FC /* ActivityGridController.swift in Sources */ = {isa = PBXBuildFile; fileRef = 1B2A113D2A5806FF0016A4FC /* ActivityGridController.swift */; };
		1B2A11402A58109F0016A4FC /* Extension.swift in Sources */ = {isa = PBXBuildFile; fileRef = 1B2A113F2A58109F0016A4FC /* Extension.swift */; };
		1B758E2C2A5BF87600CCC186 /* MemberCellDelegate.swift in Sources */ = {isa = PBXBuildFile; fileRef = 1B758E2B2A5BF87600CCC186 /* MemberCellDelegate.swift */; };
		1B758E2E2A5C0FD700CCC186 /* ActivityModel.swift in Sources */ = {isa = PBXBuildFile; fileRef = 1B758E2D2A5C0FD700CCC186 /* ActivityModel.swift */; };
		1B758E302A5C10FD00CCC186 /* SpendModel.swift in Sources */ = {isa = PBXBuildFile; fileRef = 1B758E2F2A5C10FD00CCC186 /* SpendModel.swift */; };
		1B7F6A6B2A663F24003ED9B7 /* MainModel.swift in Sources */ = {isa = PBXBuildFile; fileRef = 1B7F6A6A2A663F24003ED9B7 /* MainModel.swift */; };
		1B996EE62A5D2E0E006167AB /* ActivityGridViewModel.swift in Sources */ = {isa = PBXBuildFile; fileRef = 1B996EE52A5D2E0E006167AB /* ActivityGridViewModel.swift */; };
		1B996EE92A5D428B006167AB /* helper.swift in Sources */ = {isa = PBXBuildFile; fileRef = 1B996EE82A5D428B006167AB /* helper.swift */; };
		1B996EEB2A5D5514006167AB /* ActivitiesPageViewModel.swift in Sources */ = {isa = PBXBuildFile; fileRef = 1B996EEA2A5D5514006167AB /* ActivitiesPageViewModel.swift */; };
		1B996EEF2A5E4FF8006167AB /* MemberEditorPageViewModel.swift in Sources */ = {isa = PBXBuildFile; fileRef = 1B996EEE2A5E4FF8006167AB /* MemberEditorPageViewModel.swift */; };
		1B996EF12A5E7B50006167AB /* ActivityInfoPage.swift in Sources */ = {isa = PBXBuildFile; fileRef = 1B996EF02A5E7B50006167AB /* ActivityInfoPage.swift */; };
		1B996EF52A5E8B44006167AB /* ActivityInfoPageViewModel.swift in Sources */ = {isa = PBXBuildFile; fileRef = 1B996EF42A5E8B44006167AB /* ActivityInfoPageViewModel.swift */; };
		1B996EF72A5EA8E2006167AB /* MemberModel.swift in Sources */ = {isa = PBXBuildFile; fileRef = 1B996EF62A5EA8E2006167AB /* MemberModel.swift */; };
		1BEEC92B2A567EB7003ABD4A /* AppDelegate.swift in Sources */ = {isa = PBXBuildFile; fileRef = 1BEEC92A2A567EB7003ABD4A /* AppDelegate.swift */; };
		1BEEC92D2A567EB7003ABD4A /* SceneDelegate.swift in Sources */ = {isa = PBXBuildFile; fileRef = 1BEEC92C2A567EB7003ABD4A /* SceneDelegate.swift */; };
		1BEEC92F2A567EB7003ABD4A /* FirstViewController.swift in Sources */ = {isa = PBXBuildFile; fileRef = 1BEEC92E2A567EB7003ABD4A /* FirstViewController.swift */; };
		1BEEC9352A567EB7003ABD4A /* FirstWithoutStoryBoard.xcdatamodeld in Sources */ = {isa = PBXBuildFile; fileRef = 1BEEC9332A567EB7003ABD4A /* FirstWithoutStoryBoard.xcdatamodeld */; };
		1BEEC9372A567EB8003ABD4A /* Assets.xcassets in Resources */ = {isa = PBXBuildFile; fileRef = 1BEEC9362A567EB8003ABD4A /* Assets.xcassets */; };
		1BEEC93A2A567EB8003ABD4A /* LaunchScreen.storyboard in Resources */ = {isa = PBXBuildFile; fileRef = 1BEEC9382A567EB8003ABD4A /* LaunchScreen.storyboard */; };
		1BEEC9452A567EB8003ABD4A /* FirstWithoutStoryBoardTests.swift in Sources */ = {isa = PBXBuildFile; fileRef = 1BEEC9442A567EB8003ABD4A /* FirstWithoutStoryBoardTests.swift */; };
		1BEEC94F2A567EB8003ABD4A /* FirstWithoutStoryBoardUITests.swift in Sources */ = {isa = PBXBuildFile; fileRef = 1BEEC94E2A567EB8003ABD4A /* FirstWithoutStoryBoardUITests.swift */; };
		1BEEC9512A567EB8003ABD4A /* FirstWithoutStoryBoardUITestsLaunchTests.swift in Sources */ = {isa = PBXBuildFile; fileRef = 1BEEC9502A567EB8003ABD4A /* FirstWithoutStoryBoardUITestsLaunchTests.swift */; };
/* End PBXBuildFile section */

/* Begin PBXContainerItemProxy section */
		1BEEC9412A567EB8003ABD4A /* PBXContainerItemProxy */ = {
			isa = PBXContainerItemProxy;
			containerPortal = 1BEEC91F2A567EB7003ABD4A /* Project object */;
			proxyType = 1;
			remoteGlobalIDString = 1BEEC9262A567EB7003ABD4A;
			remoteInfo = FirstWithoutStoryBoard;
		};
		1BEEC94B2A567EB8003ABD4A /* PBXContainerItemProxy */ = {
			isa = PBXContainerItemProxy;
			containerPortal = 1BEEC91F2A567EB7003ABD4A /* Project object */;
			proxyType = 1;
			remoteGlobalIDString = 1BEEC9262A567EB7003ABD4A;
			remoteInfo = FirstWithoutStoryBoard;
		};
/* End PBXContainerItemProxy section */

/* Begin PBXFileReference section */
		17723B9B2A60F21300D2B6CD /* MemberSelectorPageController.swift */ = {isa = PBXFileReference; lastKnownFileType = sourcecode.swift; path = MemberSelectorPageController.swift; sourceTree = "<group>"; };
		17723B9D2A6109F000D2B6CD /* MemberSelectorPageViewModel.swift */ = {isa = PBXFileReference; lastKnownFileType = sourcecode.swift; path = MemberSelectorPageViewModel.swift; sourceTree = "<group>"; };
		17723B9F2A61722600D2B6CD /* membersData.json */ = {isa = PBXFileReference; lastKnownFileType = text.json; path = membersData.json; sourceTree = "<group>"; };
		17723BA12A63998800D2B6CD /* SpendsPageController.swift */ = {isa = PBXFileReference; lastKnownFileType = sourcecode.swift; path = SpendsPageController.swift; sourceTree = "<group>"; };
		17723BA62A63ABB100D2B6CD /* SpendCell.swift */ = {isa = PBXFileReference; lastKnownFileType = sourcecode.swift; path = SpendCell.swift; sourceTree = "<group>"; };
		17723BA82A63AEE400D2B6CD /* SpendsPageViewModel.swift */ = {isa = PBXFileReference; lastKnownFileType = sourcecode.swift; path = SpendsPageViewModel.swift; sourceTree = "<group>"; };
		17723BAA2A63EA2300D2B6CD /* SpendEditorController.swift */ = {isa = PBXFileReference; lastKnownFileType = sourcecode.swift; path = SpendEditorController.swift; sourceTree = "<group>"; };
		17723BAC2A63EA4400D2B6CD /* SpendEditorViewModel.swift */ = {isa = PBXFileReference; lastKnownFileType = sourcecode.swift; path = SpendEditorViewModel.swift; sourceTree = "<group>"; };
		17723BAE2A64E5FD00D2B6CD /* Input.swift */ = {isa = PBXFileReference; lastKnownFileType = sourcecode.swift; path = Input.swift; sourceTree = "<group>"; };
		17723BB02A64F35700D2B6CD /* SplitCell.swift */ = {isa = PBXFileReference; lastKnownFileType = sourcecode.swift; path = SplitCell.swift; sourceTree = "<group>"; };
		17723BB22A64F72700D2B6CD /* SplitModel.swift */ = {isa = PBXFileReference; lastKnownFileType = sourcecode.swift; path = SplitModel.swift; sourceTree = "<group>"; };
		1784B70B2A5AF1DA00E744D0 /* MemberTableController.swift */ = {isa = PBXFileReference; lastKnownFileType = sourcecode.swift; path = MemberTableController.swift; sourceTree = "<group>"; };
		1784B70D2A5AF33100E744D0 /* MemberCell.swift */ = {isa = PBXFileReference; lastKnownFileType = sourcecode.swift; path = MemberCell.swift; sourceTree = "<group>"; };
		179B91112A5959A90089C810 /* MemberEditorPageController.swift */ = {isa = PBXFileReference; lastKnownFileType = sourcecode.swift; path = MemberEditorPageController.swift; sourceTree = "<group>"; };
		1B2A11302A57E4A10016A4FC /* SecondViewController.swift */ = {isa = PBXFileReference; lastKnownFileType = sourcecode.swift; path = SecondViewController.swift; sourceTree = "<group>"; };
		1B2A11352A57EB320016A4FC /* ActivitiesPageController.swift */ = {isa = PBXFileReference; lastKnownFileType = sourcecode.swift; path = ActivitiesPageController.swift; sourceTree = "<group>"; };
		1B2A11382A57ED660016A4FC /* activitiesData.json */ = {isa = PBXFileReference; lastKnownFileType = text.json; path = activitiesData.json; sourceTree = "<group>"; };
		1B2A113B2A5800990016A4FC /* ActivitiesCell.swift */ = {isa = PBXFileReference; lastKnownFileType = sourcecode.swift; path = ActivitiesCell.swift; sourceTree = "<group>"; };
		1B2A113D2A5806FF0016A4FC /* ActivityGridController.swift */ = {isa = PBXFileReference; lastKnownFileType = sourcecode.swift; path = ActivityGridController.swift; sourceTree = "<group>"; };
		1B2A113F2A58109F0016A4FC /* Extension.swift */ = {isa = PBXFileReference; lastKnownFileType = sourcecode.swift; path = Extension.swift; sourceTree = "<group>"; };
		1B758E2B2A5BF87600CCC186 /* MemberCellDelegate.swift */ = {isa = PBXFileReference; lastKnownFileType = sourcecode.swift; path = MemberCellDelegate.swift; sourceTree = "<group>"; };
		1B758E2D2A5C0FD700CCC186 /* ActivityModel.swift */ = {isa = PBXFileReference; lastKnownFileType = sourcecode.swift; path = ActivityModel.swift; sourceTree = "<group>"; };
		1B758E2F2A5C10FD00CCC186 /* SpendModel.swift */ = {isa = PBXFileReference; lastKnownFileType = sourcecode.swift; path = SpendModel.swift; sourceTree = "<group>"; };
		1B7F6A6A2A663F24003ED9B7 /* MainModel.swift */ = {isa = PBXFileReference; lastKnownFileType = sourcecode.swift; path = MainModel.swift; sourceTree = "<group>"; };
		1B996EE52A5D2E0E006167AB /* ActivityGridViewModel.swift */ = {isa = PBXFileReference; lastKnownFileType = sourcecode.swift; path = ActivityGridViewModel.swift; sourceTree = "<group>"; };
		1B996EE82A5D428B006167AB /* helper.swift */ = {isa = PBXFileReference; lastKnownFileType = sourcecode.swift; path = helper.swift; sourceTree = "<group>"; };
		1B996EEA2A5D5514006167AB /* ActivitiesPageViewModel.swift */ = {isa = PBXFileReference; lastKnownFileType = sourcecode.swift; path = ActivitiesPageViewModel.swift; sourceTree = "<group>"; };
		1B996EEE2A5E4FF8006167AB /* MemberEditorPageViewModel.swift */ = {isa = PBXFileReference; lastKnownFileType = sourcecode.swift; path = MemberEditorPageViewModel.swift; sourceTree = "<group>"; };
		1B996EF02A5E7B50006167AB /* ActivityInfoPage.swift */ = {isa = PBXFileReference; lastKnownFileType = sourcecode.swift; path = ActivityInfoPage.swift; sourceTree = "<group>"; };
		1B996EF42A5E8B44006167AB /* ActivityInfoPageViewModel.swift */ = {isa = PBXFileReference; lastKnownFileType = sourcecode.swift; path = ActivityInfoPageViewModel.swift; sourceTree = "<group>"; };
		1B996EF62A5EA8E2006167AB /* MemberModel.swift */ = {isa = PBXFileReference; lastKnownFileType = sourcecode.swift; path = MemberModel.swift; sourceTree = "<group>"; };
		1BEEC9272A567EB7003ABD4A /* FirstWithoutStoryBoard.app */ = {isa = PBXFileReference; explicitFileType = wrapper.application; includeInIndex = 0; path = FirstWithoutStoryBoard.app; sourceTree = BUILT_PRODUCTS_DIR; };
		1BEEC92A2A567EB7003ABD4A /* AppDelegate.swift */ = {isa = PBXFileReference; lastKnownFileType = sourcecode.swift; path = AppDelegate.swift; sourceTree = "<group>"; };
		1BEEC92C2A567EB7003ABD4A /* SceneDelegate.swift */ = {isa = PBXFileReference; lastKnownFileType = sourcecode.swift; path = SceneDelegate.swift; sourceTree = "<group>"; };
		1BEEC92E2A567EB7003ABD4A /* FirstViewController.swift */ = {isa = PBXFileReference; lastKnownFileType = sourcecode.swift; path = FirstViewController.swift; sourceTree = "<group>"; };
		1BEEC9342A567EB7003ABD4A /* FirstWithoutStoryBoard.xcdatamodel */ = {isa = PBXFileReference; lastKnownFileType = wrapper.xcdatamodel; path = FirstWithoutStoryBoard.xcdatamodel; sourceTree = "<group>"; };
		1BEEC9362A567EB8003ABD4A /* Assets.xcassets */ = {isa = PBXFileReference; lastKnownFileType = folder.assetcatalog; path = Assets.xcassets; sourceTree = "<group>"; };
		1BEEC9392A567EB8003ABD4A /* Base */ = {isa = PBXFileReference; lastKnownFileType = file.storyboard; name = Base; path = Base.lproj/LaunchScreen.storyboard; sourceTree = "<group>"; };
		1BEEC93B2A567EB8003ABD4A /* Info.plist */ = {isa = PBXFileReference; lastKnownFileType = text.plist.xml; path = Info.plist; sourceTree = "<group>"; };
		1BEEC9402A567EB8003ABD4A /* FirstWithoutStoryBoardTests.xctest */ = {isa = PBXFileReference; explicitFileType = wrapper.cfbundle; includeInIndex = 0; path = FirstWithoutStoryBoardTests.xctest; sourceTree = BUILT_PRODUCTS_DIR; };
		1BEEC9442A567EB8003ABD4A /* FirstWithoutStoryBoardTests.swift */ = {isa = PBXFileReference; lastKnownFileType = sourcecode.swift; path = FirstWithoutStoryBoardTests.swift; sourceTree = "<group>"; };
		1BEEC94A2A567EB8003ABD4A /* FirstWithoutStoryBoardUITests.xctest */ = {isa = PBXFileReference; explicitFileType = wrapper.cfbundle; includeInIndex = 0; path = FirstWithoutStoryBoardUITests.xctest; sourceTree = BUILT_PRODUCTS_DIR; };
		1BEEC94E2A567EB8003ABD4A /* FirstWithoutStoryBoardUITests.swift */ = {isa = PBXFileReference; lastKnownFileType = sourcecode.swift; path = FirstWithoutStoryBoardUITests.swift; sourceTree = "<group>"; };
		1BEEC9502A567EB8003ABD4A /* FirstWithoutStoryBoardUITestsLaunchTests.swift */ = {isa = PBXFileReference; lastKnownFileType = sourcecode.swift; path = FirstWithoutStoryBoardUITestsLaunchTests.swift; sourceTree = "<group>"; };
/* End PBXFileReference section */

/* Begin PBXFrameworksBuildPhase section */
		1BEEC9242A567EB7003ABD4A /* Frameworks */ = {
			isa = PBXFrameworksBuildPhase;
			buildActionMask = 2147483647;
			files = (
			);
			runOnlyForDeploymentPostprocessing = 0;
		};
		1BEEC93D2A567EB8003ABD4A /* Frameworks */ = {
			isa = PBXFrameworksBuildPhase;
			buildActionMask = 2147483647;
			files = (
			);
			runOnlyForDeploymentPostprocessing = 0;
		};
		1BEEC9472A567EB8003ABD4A /* Frameworks */ = {
			isa = PBXFrameworksBuildPhase;
			buildActionMask = 2147483647;
			files = (
			);
			runOnlyForDeploymentPostprocessing = 0;
		};
/* End PBXFrameworksBuildPhase section */

/* Begin PBXGroup section */
		17723BA32A639DF600D2B6CD /* Component */ = {
			isa = PBXGroup;
			children = (
				17723BAE2A64E5FD00D2B6CD /* Input.swift */,
			);
			path = Component;
			sourceTree = "<group>";
		};
		1B2A11322A57EAF70016A4FC /* Controller */ = {
			isa = PBXGroup;
			children = (
				1B2A11352A57EB320016A4FC /* ActivitiesPageController.swift */,
				1B2A113D2A5806FF0016A4FC /* ActivityGridController.swift */,
				179B91112A5959A90089C810 /* MemberEditorPageController.swift */,
				1784B70B2A5AF1DA00E744D0 /* MemberTableController.swift */,
				1B996EF02A5E7B50006167AB /* ActivityInfoPage.swift */,
				17723B9B2A60F21300D2B6CD /* MemberSelectorPageController.swift */,
				17723BA12A63998800D2B6CD /* SpendsPageController.swift */,
				17723BAA2A63EA2300D2B6CD /* SpendEditorController.swift */,
			);
			path = Controller;
			sourceTree = "<group>";
		};
		1B2A11372A57ED4A0016A4FC /* Model */ = {
			isa = PBXGroup;
			children = (
				1B2A11382A57ED660016A4FC /* activitiesData.json */,
				1B758E2D2A5C0FD700CCC186 /* ActivityModel.swift */,
				1B758E2F2A5C10FD00CCC186 /* SpendModel.swift */,
				1B996EF62A5EA8E2006167AB /* MemberModel.swift */,
				17723B9F2A61722600D2B6CD /* membersData.json */,
				17723BB22A64F72700D2B6CD /* SplitModel.swift */,
				1B7F6A6A2A663F24003ED9B7 /* MainModel.swift */,
			);
			path = Model;
			sourceTree = "<group>";
		};
		1B2A113A2A5800880016A4FC /* View */ = {
			isa = PBXGroup;
			children = (
				1B2A113B2A5800990016A4FC /* ActivitiesCell.swift */,
				1784B70D2A5AF33100E744D0 /* MemberCell.swift */,
				17723BB02A64F35700D2B6CD /* SplitCell.swift */,
				17723BA62A63ABB100D2B6CD /* SpendCell.swift */,
			);
			path = View;
			sourceTree = "<group>";
		};
		1B758E2A2A5BF85F00CCC186 /* Protocol */ = {
			isa = PBXGroup;
			children = (
				1B758E2B2A5BF87600CCC186 /* MemberCellDelegate.swift */,
			);
			path = Protocol;
			sourceTree = "<group>";
		};
		1B996EDE2A5D2434006167AB /* ViewModel */ = {
			isa = PBXGroup;
			children = (
				1B996EE52A5D2E0E006167AB /* ActivityGridViewModel.swift */,
				1B996EEA2A5D5514006167AB /* ActivitiesPageViewModel.swift */,
				1B996EEE2A5E4FF8006167AB /* MemberEditorPageViewModel.swift */,
				1B996EF42A5E8B44006167AB /* ActivityInfoPageViewModel.swift */,
				17723B9D2A6109F000D2B6CD /* MemberSelectorPageViewModel.swift */,
				17723BA82A63AEE400D2B6CD /* SpendsPageViewModel.swift */,
				17723BAC2A63EA4400D2B6CD /* SpendEditorViewModel.swift */,
			);
			path = ViewModel;
			sourceTree = "<group>";
		};
		1B996EE72A5D427F006167AB /* Helper */ = {
			isa = PBXGroup;
			children = (
				1B996EE82A5D428B006167AB /* helper.swift */,
			);
			path = Helper;
			sourceTree = "<group>";
		};
		1BEEC91E2A567EB7003ABD4A = {
			isa = PBXGroup;
			children = (
				1BEEC9292A567EB7003ABD4A /* FirstWithoutStoryBoard */,
				1BEEC9432A567EB8003ABD4A /* FirstWithoutStoryBoardTests */,
				1BEEC94D2A567EB8003ABD4A /* FirstWithoutStoryBoardUITests */,
				1BEEC9282A567EB7003ABD4A /* Products */,
			);
			sourceTree = "<group>";
		};
		1BEEC9282A567EB7003ABD4A /* Products */ = {
			isa = PBXGroup;
			children = (
				1BEEC9272A567EB7003ABD4A /* FirstWithoutStoryBoard.app */,
				1BEEC9402A567EB8003ABD4A /* FirstWithoutStoryBoardTests.xctest */,
				1BEEC94A2A567EB8003ABD4A /* FirstWithoutStoryBoardUITests.xctest */,
			);
			name = Products;
			sourceTree = "<group>";
		};
		1BEEC9292A567EB7003ABD4A /* FirstWithoutStoryBoard */ = {
			isa = PBXGroup;
			children = (
				17723BA32A639DF600D2B6CD /* Component */,
				1B996EE72A5D427F006167AB /* Helper */,
				1B996EDE2A5D2434006167AB /* ViewModel */,
				1B758E2A2A5BF85F00CCC186 /* Protocol */,
				1B2A113A2A5800880016A4FC /* View */,
				1B2A11372A57ED4A0016A4FC /* Model */,
				1B2A11322A57EAF70016A4FC /* Controller */,
				1BEEC92A2A567EB7003ABD4A /* AppDelegate.swift */,
				1BEEC92C2A567EB7003ABD4A /* SceneDelegate.swift */,
				1BEEC92E2A567EB7003ABD4A /* FirstViewController.swift */,
				1BEEC9362A567EB8003ABD4A /* Assets.xcassets */,
				1BEEC9382A567EB8003ABD4A /* LaunchScreen.storyboard */,
				1BEEC93B2A567EB8003ABD4A /* Info.plist */,
				1BEEC9332A567EB7003ABD4A /* FirstWithoutStoryBoard.xcdatamodeld */,
				1B2A11302A57E4A10016A4FC /* SecondViewController.swift */,
				1B2A113F2A58109F0016A4FC /* Extension.swift */,
			);
			path = FirstWithoutStoryBoard;
			sourceTree = "<group>";
		};
		1BEEC9432A567EB8003ABD4A /* FirstWithoutStoryBoardTests */ = {
			isa = PBXGroup;
			children = (
				1BEEC9442A567EB8003ABD4A /* FirstWithoutStoryBoardTests.swift */,
			);
			path = FirstWithoutStoryBoardTests;
			sourceTree = "<group>";
		};
		1BEEC94D2A567EB8003ABD4A /* FirstWithoutStoryBoardUITests */ = {
			isa = PBXGroup;
			children = (
				1BEEC94E2A567EB8003ABD4A /* FirstWithoutStoryBoardUITests.swift */,
				1BEEC9502A567EB8003ABD4A /* FirstWithoutStoryBoardUITestsLaunchTests.swift */,
			);
			path = FirstWithoutStoryBoardUITests;
			sourceTree = "<group>";
		};
/* End PBXGroup section */

/* Begin PBXNativeTarget section */
		1BEEC9262A567EB7003ABD4A /* FirstWithoutStoryBoard */ = {
			isa = PBXNativeTarget;
			buildConfigurationList = 1BEEC9542A567EB8003ABD4A /* Build configuration list for PBXNativeTarget "FirstWithoutStoryBoard" */;
			buildPhases = (
				1BEEC9232A567EB7003ABD4A /* Sources */,
				1BEEC9242A567EB7003ABD4A /* Frameworks */,
				1BEEC9252A567EB7003ABD4A /* Resources */,
			);
			buildRules = (
			);
			dependencies = (
			);
			name = FirstWithoutStoryBoard;
			productName = FirstWithoutStoryBoard;
			productReference = 1BEEC9272A567EB7003ABD4A /* FirstWithoutStoryBoard.app */;
			productType = "com.apple.product-type.application";
		};
		1BEEC93F2A567EB8003ABD4A /* FirstWithoutStoryBoardTests */ = {
			isa = PBXNativeTarget;
			buildConfigurationList = 1BEEC9572A567EB8003ABD4A /* Build configuration list for PBXNativeTarget "FirstWithoutStoryBoardTests" */;
			buildPhases = (
				1BEEC93C2A567EB8003ABD4A /* Sources */,
				1BEEC93D2A567EB8003ABD4A /* Frameworks */,
				1BEEC93E2A567EB8003ABD4A /* Resources */,
			);
			buildRules = (
			);
			dependencies = (
				1BEEC9422A567EB8003ABD4A /* PBXTargetDependency */,
			);
			name = FirstWithoutStoryBoardTests;
			productName = FirstWithoutStoryBoardTests;
			productReference = 1BEEC9402A567EB8003ABD4A /* FirstWithoutStoryBoardTests.xctest */;
			productType = "com.apple.product-type.bundle.unit-test";
		};
		1BEEC9492A567EB8003ABD4A /* FirstWithoutStoryBoardUITests */ = {
			isa = PBXNativeTarget;
			buildConfigurationList = 1BEEC95A2A567EB8003ABD4A /* Build configuration list for PBXNativeTarget "FirstWithoutStoryBoardUITests" */;
			buildPhases = (
				1BEEC9462A567EB8003ABD4A /* Sources */,
				1BEEC9472A567EB8003ABD4A /* Frameworks */,
				1BEEC9482A567EB8003ABD4A /* Resources */,
			);
			buildRules = (
			);
			dependencies = (
				1BEEC94C2A567EB8003ABD4A /* PBXTargetDependency */,
			);
			name = FirstWithoutStoryBoardUITests;
			productName = FirstWithoutStoryBoardUITests;
			productReference = 1BEEC94A2A567EB8003ABD4A /* FirstWithoutStoryBoardUITests.xctest */;
			productType = "com.apple.product-type.bundle.ui-testing";
		};
/* End PBXNativeTarget section */

/* Begin PBXProject section */
		1BEEC91F2A567EB7003ABD4A /* Project object */ = {
			isa = PBXProject;
			attributes = {
				BuildIndependentTargetsInParallel = 1;
				LastSwiftUpdateCheck = 1430;
				LastUpgradeCheck = 1430;
				TargetAttributes = {
					1BEEC9262A567EB7003ABD4A = {
						CreatedOnToolsVersion = 14.3;
					};
					1BEEC93F2A567EB8003ABD4A = {
						CreatedOnToolsVersion = 14.3;
						TestTargetID = 1BEEC9262A567EB7003ABD4A;
					};
					1BEEC9492A567EB8003ABD4A = {
						CreatedOnToolsVersion = 14.3;
						TestTargetID = 1BEEC9262A567EB7003ABD4A;
					};
				};
			};
			buildConfigurationList = 1BEEC9222A567EB7003ABD4A /* Build configuration list for PBXProject "FirstWithoutStoryBoard" */;
			compatibilityVersion = "Xcode 14.0";
			developmentRegion = en;
			hasScannedForEncodings = 0;
			knownRegions = (
				en,
				Base,
			);
			mainGroup = 1BEEC91E2A567EB7003ABD4A;
			productRefGroup = 1BEEC9282A567EB7003ABD4A /* Products */;
			projectDirPath = "";
			projectRoot = "";
			targets = (
				1BEEC9262A567EB7003ABD4A /* FirstWithoutStoryBoard */,
				1BEEC93F2A567EB8003ABD4A /* FirstWithoutStoryBoardTests */,
				1BEEC9492A567EB8003ABD4A /* FirstWithoutStoryBoardUITests */,
			);
		};
/* End PBXProject section */

/* Begin PBXResourcesBuildPhase section */
		1BEEC9252A567EB7003ABD4A /* Resources */ = {
			isa = PBXResourcesBuildPhase;
			buildActionMask = 2147483647;
			files = (
				1BEEC93A2A567EB8003ABD4A /* LaunchScreen.storyboard in Resources */,
				17723BA02A61722600D2B6CD /* membersData.json in Resources */,
				1B2A11392A57ED660016A4FC /* activitiesData.json in Resources */,
				1BEEC9372A567EB8003ABD4A /* Assets.xcassets in Resources */,
			);
			runOnlyForDeploymentPostprocessing = 0;
		};
		1BEEC93E2A567EB8003ABD4A /* Resources */ = {
			isa = PBXResourcesBuildPhase;
			buildActionMask = 2147483647;
			files = (
			);
			runOnlyForDeploymentPostprocessing = 0;
		};
		1BEEC9482A567EB8003ABD4A /* Resources */ = {
			isa = PBXResourcesBuildPhase;
			buildActionMask = 2147483647;
			files = (
			);
			runOnlyForDeploymentPostprocessing = 0;
		};
/* End PBXResourcesBuildPhase section */

/* Begin PBXSourcesBuildPhase section */
		1BEEC9232A567EB7003ABD4A /* Sources */ = {
			isa = PBXSourcesBuildPhase;
			buildActionMask = 2147483647;
			files = (
				17723BB12A64F35700D2B6CD /* SplitCell.swift in Sources */,
				1BEEC9352A567EB7003ABD4A /* FirstWithoutStoryBoard.xcdatamodeld in Sources */,
				1B2A113C2A5800990016A4FC /* ActivitiesCell.swift in Sources */,
				17723B9E2A6109F000D2B6CD /* MemberSelectorPageViewModel.swift in Sources */,
				179B91122A5959A90089C810 /* MemberEditorPageController.swift in Sources */,
				17723BA72A63ABB100D2B6CD /* SpendCell.swift in Sources */,
				1B758E2C2A5BF87600CCC186 /* MemberCellDelegate.swift in Sources */,
				1B996EF12A5E7B50006167AB /* ActivityInfoPage.swift in Sources */,
				17723BB32A64F72700D2B6CD /* SplitModel.swift in Sources */,
				17723BAB2A63EA2300D2B6CD /* SpendEditorController.swift in Sources */,
				1B758E2E2A5C0FD700CCC186 /* ActivityModel.swift in Sources */,
				1B758E302A5C10FD00CCC186 /* SpendModel.swift in Sources */,
				17723BA92A63AEE400D2B6CD /* SpendsPageViewModel.swift in Sources */,
				1B2A113E2A5806FF0016A4FC /* ActivityGridController.swift in Sources */,
				1784B70C2A5AF1DA00E744D0 /* MemberTableController.swift in Sources */,
				1B996EF52A5E8B44006167AB /* ActivityInfoPageViewModel.swift in Sources */,
				1B996EE92A5D428B006167AB /* helper.swift in Sources */,
				1B7F6A6B2A663F24003ED9B7 /* MainModel.swift in Sources */,
				17723BAD2A63EA4400D2B6CD /* SpendEditorViewModel.swift in Sources */,
				1B2A11402A58109F0016A4FC /* Extension.swift in Sources */,
				1B996EE62A5D2E0E006167AB /* ActivityGridViewModel.swift in Sources */,
				1BEEC92F2A567EB7003ABD4A /* FirstViewController.swift in Sources */,
				1784B70E2A5AF33100E744D0 /* MemberCell.swift in Sources */,
				1BEEC92B2A567EB7003ABD4A /* AppDelegate.swift in Sources */,
				17723BAF2A64E5FD00D2B6CD /* Input.swift in Sources */,
				1B996EF72A5EA8E2006167AB /* MemberModel.swift in Sources */,
				1B2A11312A57E4A10016A4FC /* SecondViewController.swift in Sources */,
				1B996EEF2A5E4FF8006167AB /* MemberEditorPageViewModel.swift in Sources */,
				17723B9C2A60F21300D2B6CD /* MemberSelectorPageController.swift in Sources */,
				17723BA22A63998800D2B6CD /* SpendsPageController.swift in Sources */,
				1BEEC92D2A567EB7003ABD4A /* SceneDelegate.swift in Sources */,
				1B2A11362A57EB320016A4FC /* ActivitiesPageController.swift in Sources */,
				1B996EEB2A5D5514006167AB /* ActivitiesPageViewModel.swift in Sources */,
			);
			runOnlyForDeploymentPostprocessing = 0;
		};
		1BEEC93C2A567EB8003ABD4A /* Sources */ = {
			isa = PBXSourcesBuildPhase;
			buildActionMask = 2147483647;
			files = (
				1BEEC9452A567EB8003ABD4A /* FirstWithoutStoryBoardTests.swift in Sources */,
			);
			runOnlyForDeploymentPostprocessing = 0;
		};
		1BEEC9462A567EB8003ABD4A /* Sources */ = {
			isa = PBXSourcesBuildPhase;
			buildActionMask = 2147483647;
			files = (
				1BEEC94F2A567EB8003ABD4A /* FirstWithoutStoryBoardUITests.swift in Sources */,
				1BEEC9512A567EB8003ABD4A /* FirstWithoutStoryBoardUITestsLaunchTests.swift in Sources */,
			);
			runOnlyForDeploymentPostprocessing = 0;
		};
/* End PBXSourcesBuildPhase section */

/* Begin PBXTargetDependency section */
		1BEEC9422A567EB8003ABD4A /* PBXTargetDependency */ = {
			isa = PBXTargetDependency;
			target = 1BEEC9262A567EB7003ABD4A /* FirstWithoutStoryBoard */;
			targetProxy = 1BEEC9412A567EB8003ABD4A /* PBXContainerItemProxy */;
		};
		1BEEC94C2A567EB8003ABD4A /* PBXTargetDependency */ = {
			isa = PBXTargetDependency;
			target = 1BEEC9262A567EB7003ABD4A /* FirstWithoutStoryBoard */;
			targetProxy = 1BEEC94B2A567EB8003ABD4A /* PBXContainerItemProxy */;
		};
/* End PBXTargetDependency section */

/* Begin PBXVariantGroup section */
		1BEEC9382A567EB8003ABD4A /* LaunchScreen.storyboard */ = {
			isa = PBXVariantGroup;
			children = (
				1BEEC9392A567EB8003ABD4A /* Base */,
			);
			name = LaunchScreen.storyboard;
			sourceTree = "<group>";
		};
/* End PBXVariantGroup section */

/* Begin XCBuildConfiguration section */
		1BEEC9522A567EB8003ABD4A /* Debug */ = {
			isa = XCBuildConfiguration;
			buildSettings = {
				ALWAYS_SEARCH_USER_PATHS = NO;
				CLANG_ANALYZER_NONNULL = YES;
				CLANG_ANALYZER_NUMBER_OBJECT_CONVERSION = YES_AGGRESSIVE;
				CLANG_CXX_LANGUAGE_STANDARD = "gnu++20";
				CLANG_ENABLE_MODULES = YES;
				CLANG_ENABLE_OBJC_ARC = YES;
				CLANG_ENABLE_OBJC_WEAK = YES;
				CLANG_WARN_BLOCK_CAPTURE_AUTORELEASING = YES;
				CLANG_WARN_BOOL_CONVERSION = YES;
				CLANG_WARN_COMMA = YES;
				CLANG_WARN_CONSTANT_CONVERSION = YES;
				CLANG_WARN_DEPRECATED_OBJC_IMPLEMENTATIONS = YES;
				CLANG_WARN_DIRECT_OBJC_ISA_USAGE = YES_ERROR;
				CLANG_WARN_DOCUMENTATION_COMMENTS = YES;
				CLANG_WARN_EMPTY_BODY = YES;
				CLANG_WARN_ENUM_CONVERSION = YES;
				CLANG_WARN_INFINITE_RECURSION = YES;
				CLANG_WARN_INT_CONVERSION = YES;
				CLANG_WARN_NON_LITERAL_NULL_CONVERSION = YES;
				CLANG_WARN_OBJC_IMPLICIT_RETAIN_SELF = YES;
				CLANG_WARN_OBJC_LITERAL_CONVERSION = YES;
				CLANG_WARN_OBJC_ROOT_CLASS = YES_ERROR;
				CLANG_WARN_QUOTED_INCLUDE_IN_FRAMEWORK_HEADER = YES;
				CLANG_WARN_RANGE_LOOP_ANALYSIS = YES;
				CLANG_WARN_STRICT_PROTOTYPES = YES;
				CLANG_WARN_SUSPICIOUS_MOVE = YES;
				CLANG_WARN_UNGUARDED_AVAILABILITY = YES_AGGRESSIVE;
				CLANG_WARN_UNREACHABLE_CODE = YES;
				CLANG_WARN__DUPLICATE_METHOD_MATCH = YES;
				COPY_PHASE_STRIP = NO;
				DEBUG_INFORMATION_FORMAT = dwarf;
				ENABLE_STRICT_OBJC_MSGSEND = YES;
				ENABLE_TESTABILITY = YES;
				GCC_C_LANGUAGE_STANDARD = gnu11;
				GCC_DYNAMIC_NO_PIC = NO;
				GCC_NO_COMMON_BLOCKS = YES;
				GCC_OPTIMIZATION_LEVEL = 0;
				GCC_PREPROCESSOR_DEFINITIONS = (
					"DEBUG=1",
					"$(inherited)",
				);
				GCC_WARN_64_TO_32_BIT_CONVERSION = YES;
				GCC_WARN_ABOUT_RETURN_TYPE = YES_ERROR;
				GCC_WARN_UNDECLARED_SELECTOR = YES;
				GCC_WARN_UNINITIALIZED_AUTOS = YES_AGGRESSIVE;
				GCC_WARN_UNUSED_FUNCTION = YES;
				GCC_WARN_UNUSED_VARIABLE = YES;
				IPHONEOS_DEPLOYMENT_TARGET = 16.4;
				MTL_ENABLE_DEBUG_INFO = INCLUDE_SOURCE;
				MTL_FAST_MATH = YES;
				ONLY_ACTIVE_ARCH = YES;
				SDKROOT = iphoneos;
				SWIFT_ACTIVE_COMPILATION_CONDITIONS = DEBUG;
				SWIFT_OPTIMIZATION_LEVEL = "-Onone";
			};
			name = Debug;
		};
		1BEEC9532A567EB8003ABD4A /* Release */ = {
			isa = XCBuildConfiguration;
			buildSettings = {
				ALWAYS_SEARCH_USER_PATHS = NO;
				CLANG_ANALYZER_NONNULL = YES;
				CLANG_ANALYZER_NUMBER_OBJECT_CONVERSION = YES_AGGRESSIVE;
				CLANG_CXX_LANGUAGE_STANDARD = "gnu++20";
				CLANG_ENABLE_MODULES = YES;
				CLANG_ENABLE_OBJC_ARC = YES;
				CLANG_ENABLE_OBJC_WEAK = YES;
				CLANG_WARN_BLOCK_CAPTURE_AUTORELEASING = YES;
				CLANG_WARN_BOOL_CONVERSION = YES;
				CLANG_WARN_COMMA = YES;
				CLANG_WARN_CONSTANT_CONVERSION = YES;
				CLANG_WARN_DEPRECATED_OBJC_IMPLEMENTATIONS = YES;
				CLANG_WARN_DIRECT_OBJC_ISA_USAGE = YES_ERROR;
				CLANG_WARN_DOCUMENTATION_COMMENTS = YES;
				CLANG_WARN_EMPTY_BODY = YES;
				CLANG_WARN_ENUM_CONVERSION = YES;
				CLANG_WARN_INFINITE_RECURSION = YES;
				CLANG_WARN_INT_CONVERSION = YES;
				CLANG_WARN_NON_LITERAL_NULL_CONVERSION = YES;
				CLANG_WARN_OBJC_IMPLICIT_RETAIN_SELF = YES;
				CLANG_WARN_OBJC_LITERAL_CONVERSION = YES;
				CLANG_WARN_OBJC_ROOT_CLASS = YES_ERROR;
				CLANG_WARN_QUOTED_INCLUDE_IN_FRAMEWORK_HEADER = YES;
				CLANG_WARN_RANGE_LOOP_ANALYSIS = YES;
				CLANG_WARN_STRICT_PROTOTYPES = YES;
				CLANG_WARN_SUSPICIOUS_MOVE = YES;
				CLANG_WARN_UNGUARDED_AVAILABILITY = YES_AGGRESSIVE;
				CLANG_WARN_UNREACHABLE_CODE = YES;
				CLANG_WARN__DUPLICATE_METHOD_MATCH = YES;
				COPY_PHASE_STRIP = NO;
				DEBUG_INFORMATION_FORMAT = "dwarf-with-dsym";
				ENABLE_NS_ASSERTIONS = NO;
				ENABLE_STRICT_OBJC_MSGSEND = YES;
				GCC_C_LANGUAGE_STANDARD = gnu11;
				GCC_NO_COMMON_BLOCKS = YES;
				GCC_WARN_64_TO_32_BIT_CONVERSION = YES;
				GCC_WARN_ABOUT_RETURN_TYPE = YES_ERROR;
				GCC_WARN_UNDECLARED_SELECTOR = YES;
				GCC_WARN_UNINITIALIZED_AUTOS = YES_AGGRESSIVE;
				GCC_WARN_UNUSED_FUNCTION = YES;
				GCC_WARN_UNUSED_VARIABLE = YES;
				IPHONEOS_DEPLOYMENT_TARGET = 16.4;
				MTL_ENABLE_DEBUG_INFO = NO;
				MTL_FAST_MATH = YES;
				SDKROOT = iphoneos;
				SWIFT_COMPILATION_MODE = wholemodule;
				SWIFT_OPTIMIZATION_LEVEL = "-O";
				VALIDATE_PRODUCT = YES;
			};
			name = Release;
		};
		1BEEC9552A567EB8003ABD4A /* Debug */ = {
			isa = XCBuildConfiguration;
			buildSettings = {
				ASSETCATALOG_COMPILER_APPICON_NAME = AppIcon;
				ASSETCATALOG_COMPILER_GLOBAL_ACCENT_COLOR_NAME = AccentColor;
				CODE_SIGN_STYLE = Automatic;
				CURRENT_PROJECT_VERSION = 1;
				DEVELOPMENT_TEAM = E2TZLHV7K9;
				GENERATE_INFOPLIST_FILE = YES;
				INFOPLIST_FILE = FirstWithoutStoryBoard/Info.plist;
				INFOPLIST_KEY_UIApplicationSupportsIndirectInputEvents = YES;
				INFOPLIST_KEY_UILaunchStoryboardName = LaunchScreen;
				INFOPLIST_KEY_UIMainStoryboardFile = "";
				INFOPLIST_KEY_UISupportedInterfaceOrientations_iPad = "UIInterfaceOrientationPortrait UIInterfaceOrientationPortraitUpsideDown UIInterfaceOrientationLandscapeLeft UIInterfaceOrientationLandscapeRight";
				INFOPLIST_KEY_UISupportedInterfaceOrientations_iPhone = "UIInterfaceOrientationPortrait UIInterfaceOrientationLandscapeLeft UIInterfaceOrientationLandscapeRight";
				IPHONEOS_DEPLOYMENT_TARGET = 13.0;
				LD_RUNPATH_SEARCH_PATHS = (
					"$(inherited)",
					"@executable_path/Frameworks",
				);
				MARKETING_VERSION = 1.0;
				PRODUCT_BUNDLE_IDENTIFIER = test.FirstWithoutStoryBoard;
				PRODUCT_NAME = "$(TARGET_NAME)";
				SWIFT_EMIT_LOC_STRINGS = YES;
				SWIFT_VERSION = 5.0;
				TARGETED_DEVICE_FAMILY = "1,2";
			};
			name = Debug;
		};
		1BEEC9562A567EB8003ABD4A /* Release */ = {
			isa = XCBuildConfiguration;
			buildSettings = {
				ASSETCATALOG_COMPILER_APPICON_NAME = AppIcon;
				ASSETCATALOG_COMPILER_GLOBAL_ACCENT_COLOR_NAME = AccentColor;
				CODE_SIGN_STYLE = Automatic;
				CURRENT_PROJECT_VERSION = 1;
				DEVELOPMENT_TEAM = E2TZLHV7K9;
				GENERATE_INFOPLIST_FILE = YES;
				INFOPLIST_FILE = FirstWithoutStoryBoard/Info.plist;
				INFOPLIST_KEY_UIApplicationSupportsIndirectInputEvents = YES;
				INFOPLIST_KEY_UILaunchStoryboardName = LaunchScreen;
				INFOPLIST_KEY_UIMainStoryboardFile = "";
				INFOPLIST_KEY_UISupportedInterfaceOrientations_iPad = "UIInterfaceOrientationPortrait UIInterfaceOrientationPortraitUpsideDown UIInterfaceOrientationLandscapeLeft UIInterfaceOrientationLandscapeRight";
				INFOPLIST_KEY_UISupportedInterfaceOrientations_iPhone = "UIInterfaceOrientationPortrait UIInterfaceOrientationLandscapeLeft UIInterfaceOrientationLandscapeRight";
				IPHONEOS_DEPLOYMENT_TARGET = 13.0;
				LD_RUNPATH_SEARCH_PATHS = (
					"$(inherited)",
					"@executable_path/Frameworks",
				);
				MARKETING_VERSION = 1.0;
				PRODUCT_BUNDLE_IDENTIFIER = test.FirstWithoutStoryBoard;
				PRODUCT_NAME = "$(TARGET_NAME)";
				SWIFT_EMIT_LOC_STRINGS = YES;
				SWIFT_VERSION = 5.0;
				TARGETED_DEVICE_FAMILY = "1,2";
			};
			name = Release;
		};
		1BEEC9582A567EB8003ABD4A /* Debug */ = {
			isa = XCBuildConfiguration;
			buildSettings = {
				ALWAYS_EMBED_SWIFT_STANDARD_LIBRARIES = YES;
				BUNDLE_LOADER = "$(TEST_HOST)";
				CODE_SIGN_STYLE = Automatic;
				CURRENT_PROJECT_VERSION = 1;
				DEVELOPMENT_TEAM = E2TZLHV7K9;
				GENERATE_INFOPLIST_FILE = YES;
				IPHONEOS_DEPLOYMENT_TARGET = 16.4;
				MARKETING_VERSION = 1.0;
				PRODUCT_BUNDLE_IDENTIFIER = test.FirstWithoutStoryBoardTests;
				PRODUCT_NAME = "$(TARGET_NAME)";
				SWIFT_EMIT_LOC_STRINGS = NO;
				SWIFT_VERSION = 5.0;
				TARGETED_DEVICE_FAMILY = "1,2";
				TEST_HOST = "$(BUILT_PRODUCTS_DIR)/FirstWithoutStoryBoard.app/$(BUNDLE_EXECUTABLE_FOLDER_PATH)/FirstWithoutStoryBoard";
			};
			name = Debug;
		};
		1BEEC9592A567EB8003ABD4A /* Release */ = {
			isa = XCBuildConfiguration;
			buildSettings = {
				ALWAYS_EMBED_SWIFT_STANDARD_LIBRARIES = YES;
				BUNDLE_LOADER = "$(TEST_HOST)";
				CODE_SIGN_STYLE = Automatic;
				CURRENT_PROJECT_VERSION = 1;
				DEVELOPMENT_TEAM = E2TZLHV7K9;
				GENERATE_INFOPLIST_FILE = YES;
				IPHONEOS_DEPLOYMENT_TARGET = 16.4;
				MARKETING_VERSION = 1.0;
				PRODUCT_BUNDLE_IDENTIFIER = test.FirstWithoutStoryBoardTests;
				PRODUCT_NAME = "$(TARGET_NAME)";
				SWIFT_EMIT_LOC_STRINGS = NO;
				SWIFT_VERSION = 5.0;
				TARGETED_DEVICE_FAMILY = "1,2";
				TEST_HOST = "$(BUILT_PRODUCTS_DIR)/FirstWithoutStoryBoard.app/$(BUNDLE_EXECUTABLE_FOLDER_PATH)/FirstWithoutStoryBoard";
			};
			name = Release;
		};
		1BEEC95B2A567EB8003ABD4A /* Debug */ = {
			isa = XCBuildConfiguration;
			buildSettings = {
				ALWAYS_EMBED_SWIFT_STANDARD_LIBRARIES = YES;
				CODE_SIGN_STYLE = Automatic;
				CURRENT_PROJECT_VERSION = 1;
				DEVELOPMENT_TEAM = E2TZLHV7K9;
				GENERATE_INFOPLIST_FILE = YES;
				MARKETING_VERSION = 1.0;
				PRODUCT_BUNDLE_IDENTIFIER = test.FirstWithoutStoryBoardUITests;
				PRODUCT_NAME = "$(TARGET_NAME)";
				SWIFT_EMIT_LOC_STRINGS = NO;
				SWIFT_VERSION = 5.0;
				TARGETED_DEVICE_FAMILY = "1,2";
				TEST_TARGET_NAME = FirstWithoutStoryBoard;
			};
			name = Debug;
		};
		1BEEC95C2A567EB8003ABD4A /* Release */ = {
			isa = XCBuildConfiguration;
			buildSettings = {
				ALWAYS_EMBED_SWIFT_STANDARD_LIBRARIES = YES;
				CODE_SIGN_STYLE = Automatic;
				CURRENT_PROJECT_VERSION = 1;
				DEVELOPMENT_TEAM = E2TZLHV7K9;
				GENERATE_INFOPLIST_FILE = YES;
				MARKETING_VERSION = 1.0;
				PRODUCT_BUNDLE_IDENTIFIER = test.FirstWithoutStoryBoardUITests;
				PRODUCT_NAME = "$(TARGET_NAME)";
				SWIFT_EMIT_LOC_STRINGS = NO;
				SWIFT_VERSION = 5.0;
				TARGETED_DEVICE_FAMILY = "1,2";
				TEST_TARGET_NAME = FirstWithoutStoryBoard;
			};
			name = Release;
		};
/* End XCBuildConfiguration section */

/* Begin XCConfigurationList section */
		1BEEC9222A567EB7003ABD4A /* Build configuration list for PBXProject "FirstWithoutStoryBoard" */ = {
			isa = XCConfigurationList;
			buildConfigurations = (
				1BEEC9522A567EB8003ABD4A /* Debug */,
				1BEEC9532A567EB8003ABD4A /* Release */,
			);
			defaultConfigurationIsVisible = 0;
			defaultConfigurationName = Release;
		};
		1BEEC9542A567EB8003ABD4A /* Build configuration list for PBXNativeTarget "FirstWithoutStoryBoard" */ = {
			isa = XCConfigurationList;
			buildConfigurations = (
				1BEEC9552A567EB8003ABD4A /* Debug */,
				1BEEC9562A567EB8003ABD4A /* Release */,
			);
			defaultConfigurationIsVisible = 0;
			defaultConfigurationName = Release;
		};
		1BEEC9572A567EB8003ABD4A /* Build configuration list for PBXNativeTarget "FirstWithoutStoryBoardTests" */ = {
			isa = XCConfigurationList;
			buildConfigurations = (
				1BEEC9582A567EB8003ABD4A /* Debug */,
				1BEEC9592A567EB8003ABD4A /* Release */,
			);
			defaultConfigurationIsVisible = 0;
			defaultConfigurationName = Release;
		};
		1BEEC95A2A567EB8003ABD4A /* Build configuration list for PBXNativeTarget "FirstWithoutStoryBoardUITests" */ = {
			isa = XCConfigurationList;
			buildConfigurations = (
				1BEEC95B2A567EB8003ABD4A /* Debug */,
				1BEEC95C2A567EB8003ABD4A /* Release */,
			);
			defaultConfigurationIsVisible = 0;
			defaultConfigurationName = Release;
		};
/* End XCConfigurationList section */

/* Begin XCVersionGroup section */
		1BEEC9332A567EB7003ABD4A /* FirstWithoutStoryBoard.xcdatamodeld */ = {
			isa = XCVersionGroup;
			children = (
				1BEEC9342A567EB7003ABD4A /* FirstWithoutStoryBoard.xcdatamodel */,
			);
			currentVersion = 1BEEC9342A567EB7003ABD4A /* FirstWithoutStoryBoard.xcdatamodel */;
			path = FirstWithoutStoryBoard.xcdatamodeld;
			sourceTree = "<group>";
			versionGroupType = wrapper.xcdatamodel;
		};
/* End XCVersionGroup section */
	};
	rootObject = 1BEEC91F2A567EB7003ABD4A /* Project object */;
}
